// !$*UTF8*$!
{
	archiveVersion = 1;
	classes = {
	};
	objectVersion = 50;
	objects = {

/* Begin PBXBuildFile section */
		830CE5F220F8CB8B00FC83FD /* AppDelegate.swift in Sources */ = {isa = PBXBuildFile; fileRef = 830CE5F120F8CB8B00FC83FD /* AppDelegate.swift */; };
		830CE5F420F8CB8B00FC83FD /* TasksViewController.swift in Sources */ = {isa = PBXBuildFile; fileRef = 830CE5F320F8CB8B00FC83FD /* TasksViewController.swift */; };
		830CE5F720F8CB8B00FC83FD /* Main.storyboard in Resources */ = {isa = PBXBuildFile; fileRef = 830CE5F520F8CB8B00FC83FD /* Main.storyboard */; };
		830CE5FA20F8CB8B00FC83FD /* TaskTracker.xcdatamodeld in Sources */ = {isa = PBXBuildFile; fileRef = 830CE5F820F8CB8B00FC83FD /* TaskTracker.xcdatamodeld */; };
		830CE5FC20F8CB8C00FC83FD /* Assets.xcassets in Resources */ = {isa = PBXBuildFile; fileRef = 830CE5FB20F8CB8C00FC83FD /* Assets.xcassets */; };
		830CE5FF20F8CB8C00FC83FD /* LaunchScreen.storyboard in Resources */ = {isa = PBXBuildFile; fileRef = 830CE5FD20F8CB8C00FC83FD /* LaunchScreen.storyboard */; };
		830CE60E20F8D18000FC83FD /* TasksDataDisplayManager.swift in Sources */ = {isa = PBXBuildFile; fileRef = 830CE60D20F8D18000FC83FD /* TasksDataDisplayManager.swift */; };
		830CE61320F8D22300FC83FD /* TaskCell.swift in Sources */ = {isa = PBXBuildFile; fileRef = 830CE61120F8D22300FC83FD /* TaskCell.swift */; };
		830CE61420F8D22300FC83FD /* TaskCell.xib in Resources */ = {isa = PBXBuildFile; fileRef = 830CE61220F8D22300FC83FD /* TaskCell.xib */; };
		830CE61620F8D5CB00FC83FD /* TaskStatus.swift in Sources */ = {isa = PBXBuildFile; fileRef = 830CE61520F8D5CB00FC83FD /* TaskStatus.swift */; };
		830CE61820F8D6BD00FC83FD /* Extensions.swift in Sources */ = {isa = PBXBuildFile; fileRef = 830CE61720F8D6BD00FC83FD /* Extensions.swift */; };
		83109D5320FBDB10008467C5 /* DateTextField.swift in Sources */ = {isa = PBXBuildFile; fileRef = 83109D5220FBDB10008467C5 /* DateTextField.swift */; };
		83109D5B20FBDE31008467C5 /* NotificationCenter.framework in Frameworks */ = {isa = PBXBuildFile; fileRef = 83109D5A20FBDE31008467C5 /* NotificationCenter.framework */; };
		83109D5E20FBDE31008467C5 /* TodayViewController.swift in Sources */ = {isa = PBXBuildFile; fileRef = 83109D5D20FBDE31008467C5 /* TodayViewController.swift */; };
		83109D6120FBDE31008467C5 /* MainInterface.storyboard in Resources */ = {isa = PBXBuildFile; fileRef = 83109D5F20FBDE31008467C5 /* MainInterface.storyboard */; };
		83109D6520FBDE31008467C5 /* TodayExtension.appex in Embed App Extensions */ = {isa = PBXBuildFile; fileRef = 83109D5820FBDE31008467C5 /* TodayExtension.appex */; settings = {ATTRIBUTES = (RemoveHeadersOnCopy, ); }; };
		83109D6A20FBE08C008467C5 /* TaskTracker.xcdatamodeld in Sources */ = {isa = PBXBuildFile; fileRef = 830CE5F820F8CB8B00FC83FD /* TaskTracker.xcdatamodeld */; };
		834D2C2020F90CF400FBE120 /* DetailedTaskViewController.swift in Sources */ = {isa = PBXBuildFile; fileRef = 834D2C1F20F90CF400FBE120 /* DetailedTaskViewController.swift */; };
		834D2C3020F9322000FBE120 /* Task+CoreDataClass.swift in Sources */ = {isa = PBXBuildFile; fileRef = 834D2C2E20F9322000FBE120 /* Task+CoreDataClass.swift */; };
		834D2C3120F9322000FBE120 /* Task+CoreDataProperties.swift in Sources */ = {isa = PBXBuildFile; fileRef = 834D2C2F20F9322000FBE120 /* Task+CoreDataProperties.swift */; };
		834D2C3320F9538800FBE120 /* TaskViewOutput.swift in Sources */ = {isa = PBXBuildFile; fileRef = 834D2C3220F9538800FBE120 /* TaskViewOutput.swift */; };
		8352249220FC12FE00A66FDF /* PersistantContainer.swift in Sources */ = {isa = PBXBuildFile; fileRef = 8352249120FC12FE00A66FDF /* PersistantContainer.swift */; };
		8352249320FC1BD500A66FDF /* Assets.xcassets in Resources */ = {isa = PBXBuildFile; fileRef = 830CE5FB20F8CB8C00FC83FD /* Assets.xcassets */; };
		8352249420FC1BD600A66FDF /* Assets.xcassets in Resources */ = {isa = PBXBuildFile; fileRef = 830CE5FB20F8CB8C00FC83FD /* Assets.xcassets */; };
		83A19B3A20FC37A80074860D /* InfoPlist.strings in Resources */ = {isa = PBXBuildFile; fileRef = 83A19B3820FC37A80074860D /* InfoPlist.strings */; };
		83A19B3E20FC383A0074860D /* Localizable.strings in Resources */ = {isa = PBXBuildFile; fileRef = 83A19B4020FC383A0074860D /* Localizable.strings */; };
		83CCC88E20FA3D9E00E81B37 /* DateFormat.swift in Sources */ = {isa = PBXBuildFile; fileRef = 83CCC88D20FA3D9E00E81B37 /* DateFormat.swift */; };
		83CCC89820FABBFC00E81B37 /* ShareViewController.swift in Sources */ = {isa = PBXBuildFile; fileRef = 83CCC89720FABBFC00E81B37 /* ShareViewController.swift */; };
		83CCC89B20FABBFC00E81B37 /* MainInterface.storyboard in Resources */ = {isa = PBXBuildFile; fileRef = 83CCC89920FABBFC00E81B37 /* MainInterface.storyboard */; };
		83CCC89F20FABBFC00E81B37 /* TaskShare.appex in Embed App Extensions */ = {isa = PBXBuildFile; fileRef = 83CCC89520FABBFC00E81B37 /* TaskShare.appex */; settings = {ATTRIBUTES = (RemoveHeadersOnCopy, ); }; };
		83CCC8A520FAC0E000E81B37 /* UrgentTasksViewController.swift in Sources */ = {isa = PBXBuildFile; fileRef = 83CCC8A420FAC0E000E81B37 /* UrgentTasksViewController.swift */; };
/* End PBXBuildFile section */

/* Begin PBXContainerItemProxy section */
		83109D6320FBDE31008467C5 /* PBXContainerItemProxy */ = {
			isa = PBXContainerItemProxy;
			containerPortal = 830CE5E620F8CB8B00FC83FD /* Project object */;
			proxyType = 1;
			remoteGlobalIDString = 83109D5720FBDE31008467C5;
			remoteInfo = TodayExtension;
		};
		83CCC89D20FABBFC00E81B37 /* PBXContainerItemProxy */ = {
			isa = PBXContainerItemProxy;
			containerPortal = 830CE5E620F8CB8B00FC83FD /* Project object */;
			proxyType = 1;
			remoteGlobalIDString = 83CCC89420FABBFC00E81B37;
			remoteInfo = TaskShare;
		};
/* End PBXContainerItemProxy section */

/* Begin PBXCopyFilesBuildPhase section */
		83CCC8A320FABBFC00E81B37 /* Embed App Extensions */ = {
			isa = PBXCopyFilesBuildPhase;
			buildActionMask = 2147483647;
			dstPath = "";
			dstSubfolderSpec = 13;
			files = (
				83109D6520FBDE31008467C5 /* TodayExtension.appex in Embed App Extensions */,
				83CCC89F20FABBFC00E81B37 /* TaskShare.appex in Embed App Extensions */,
			);
			name = "Embed App Extensions";
			runOnlyForDeploymentPostprocessing = 0;
		};
/* End PBXCopyFilesBuildPhase section */

/* Begin PBXFileReference section */
		830CE5EE20F8CB8B00FC83FD /* TaskTracker.app */ = {isa = PBXFileReference; explicitFileType = wrapper.application; includeInIndex = 0; path = TaskTracker.app; sourceTree = BUILT_PRODUCTS_DIR; };
		830CE5F120F8CB8B00FC83FD /* AppDelegate.swift */ = {isa = PBXFileReference; lastKnownFileType = sourcecode.swift; path = AppDelegate.swift; sourceTree = "<group>"; };
		830CE5F320F8CB8B00FC83FD /* TasksViewController.swift */ = {isa = PBXFileReference; lastKnownFileType = sourcecode.swift; path = TasksViewController.swift; sourceTree = "<group>"; };
		830CE5F620F8CB8B00FC83FD /* Base */ = {isa = PBXFileReference; lastKnownFileType = file.storyboard; name = Base; path = Base.lproj/Main.storyboard; sourceTree = "<group>"; };
		830CE5F920F8CB8B00FC83FD /* TaskTracker.xcdatamodel */ = {isa = PBXFileReference; lastKnownFileType = wrapper.xcdatamodel; path = TaskTracker.xcdatamodel; sourceTree = "<group>"; };
		830CE5FB20F8CB8C00FC83FD /* Assets.xcassets */ = {isa = PBXFileReference; lastKnownFileType = folder.assetcatalog; path = Assets.xcassets; sourceTree = "<group>"; };
		830CE5FE20F8CB8C00FC83FD /* Base */ = {isa = PBXFileReference; lastKnownFileType = file.storyboard; name = Base; path = Base.lproj/LaunchScreen.storyboard; sourceTree = "<group>"; };
		830CE60020F8CB8C00FC83FD /* Info.plist */ = {isa = PBXFileReference; lastKnownFileType = text.plist.xml; path = Info.plist; sourceTree = "<group>"; };
		830CE60D20F8D18000FC83FD /* TasksDataDisplayManager.swift */ = {isa = PBXFileReference; lastKnownFileType = sourcecode.swift; path = TasksDataDisplayManager.swift; sourceTree = "<group>"; };
		830CE61120F8D22300FC83FD /* TaskCell.swift */ = {isa = PBXFileReference; lastKnownFileType = sourcecode.swift; path = TaskCell.swift; sourceTree = "<group>"; };
		830CE61220F8D22300FC83FD /* TaskCell.xib */ = {isa = PBXFileReference; lastKnownFileType = file.xib; path = TaskCell.xib; sourceTree = "<group>"; };
		830CE61520F8D5CB00FC83FD /* TaskStatus.swift */ = {isa = PBXFileReference; lastKnownFileType = sourcecode.swift; path = TaskStatus.swift; sourceTree = "<group>"; };
		830CE61720F8D6BD00FC83FD /* Extensions.swift */ = {isa = PBXFileReference; lastKnownFileType = sourcecode.swift; path = Extensions.swift; sourceTree = "<group>"; };
		83109D5220FBDB10008467C5 /* DateTextField.swift */ = {isa = PBXFileReference; lastKnownFileType = sourcecode.swift; path = DateTextField.swift; sourceTree = "<group>"; };
		83109D5820FBDE31008467C5 /* TodayExtension.appex */ = {isa = PBXFileReference; explicitFileType = "wrapper.app-extension"; includeInIndex = 0; path = TodayExtension.appex; sourceTree = BUILT_PRODUCTS_DIR; };
		83109D5A20FBDE31008467C5 /* NotificationCenter.framework */ = {isa = PBXFileReference; lastKnownFileType = wrapper.framework; name = NotificationCenter.framework; path = System/Library/Frameworks/NotificationCenter.framework; sourceTree = SDKROOT; };
		83109D5D20FBDE31008467C5 /* TodayViewController.swift */ = {isa = PBXFileReference; lastKnownFileType = sourcecode.swift; path = TodayViewController.swift; sourceTree = "<group>"; };
		83109D6020FBDE31008467C5 /* Base */ = {isa = PBXFileReference; lastKnownFileType = file.storyboard; name = Base; path = Base.lproj/MainInterface.storyboard; sourceTree = "<group>"; };
		83109D6220FBDE31008467C5 /* Info.plist */ = {isa = PBXFileReference; lastKnownFileType = text.plist.xml; path = Info.plist; sourceTree = "<group>"; };
		834D2C1F20F90CF400FBE120 /* DetailedTaskViewController.swift */ = {isa = PBXFileReference; lastKnownFileType = sourcecode.swift; path = DetailedTaskViewController.swift; sourceTree = "<group>"; };
		834D2C2E20F9322000FBE120 /* Task+CoreDataClass.swift */ = {isa = PBXFileReference; lastKnownFileType = sourcecode.swift; path = "Task+CoreDataClass.swift"; sourceTree = "<group>"; };
		834D2C2F20F9322000FBE120 /* Task+CoreDataProperties.swift */ = {isa = PBXFileReference; lastKnownFileType = sourcecode.swift; path = "Task+CoreDataProperties.swift"; sourceTree = "<group>"; };
		834D2C3220F9538800FBE120 /* TaskViewOutput.swift */ = {isa = PBXFileReference; lastKnownFileType = sourcecode.swift; path = TaskViewOutput.swift; sourceTree = "<group>"; };
		8352249020FC0BB900A66FDF /* TaskTracker.entitlements */ = {isa = PBXFileReference; lastKnownFileType = text.plist.entitlements; path = TaskTracker.entitlements; sourceTree = "<group>"; };
		8352249120FC12FE00A66FDF /* PersistantContainer.swift */ = {isa = PBXFileReference; lastKnownFileType = sourcecode.swift; path = PersistantContainer.swift; sourceTree = "<group>"; };
		8352249520FC1CEB00A66FDF /* TodayExtension.entitlements */ = {isa = PBXFileReference; lastKnownFileType = text.plist.entitlements; path = TodayExtension.entitlements; sourceTree = "<group>"; };
		83A19B2D20FC35FA0074860D /* ru */ = {isa = PBXFileReference; lastKnownFileType = text.plist.strings; name = ru; path = ru.lproj/Main.strings; sourceTree = "<group>"; };
		83A19B2E20FC35FA0074860D /* ru */ = {isa = PBXFileReference; lastKnownFileType = text.plist.strings; name = ru; path = ru.lproj/MainInterface.strings; sourceTree = "<group>"; };
		83A19B2F20FC35FA0074860D /* ru */ = {isa = PBXFileReference; lastKnownFileType = text.plist.strings; name = ru; path = ru.lproj/MainInterface.strings; sourceTree = "<group>"; };
		83A19B3920FC37A80074860D /* Base */ = {isa = PBXFileReference; lastKnownFileType = text.plist.strings; name = Base; path = TaskTracker/Base.lproj/InfoPlist.strings; sourceTree = "<group>"; };
		83A19B3B20FC37AF0074860D /* ru */ = {isa = PBXFileReference; lastKnownFileType = text.plist.strings; name = ru; path = TaskTracker/ru.lproj/InfoPlist.strings; sourceTree = "<group>"; };
		83A19B3F20FC383A0074860D /* en */ = {isa = PBXFileReference; lastKnownFileType = text.plist.strings; name = en; path = en.lproj/Localizable.strings; sourceTree = "<group>"; };
		83CCC88D20FA3D9E00E81B37 /* DateFormat.swift */ = {isa = PBXFileReference; lastKnownFileType = sourcecode.swift; path = DateFormat.swift; sourceTree = "<group>"; };
		83CCC89520FABBFC00E81B37 /* TaskShare.appex */ = {isa = PBXFileReference; explicitFileType = "wrapper.app-extension"; includeInIndex = 0; path = TaskShare.appex; sourceTree = BUILT_PRODUCTS_DIR; };
		83CCC89720FABBFC00E81B37 /* ShareViewController.swift */ = {isa = PBXFileReference; lastKnownFileType = sourcecode.swift; path = ShareViewController.swift; sourceTree = "<group>"; };
		83CCC89A20FABBFC00E81B37 /* Base */ = {isa = PBXFileReference; lastKnownFileType = file.storyboard; name = Base; path = Base.lproj/MainInterface.storyboard; sourceTree = "<group>"; };
		83CCC89C20FABBFC00E81B37 /* Info.plist */ = {isa = PBXFileReference; lastKnownFileType = text.plist.xml; path = Info.plist; sourceTree = "<group>"; };
		83CCC8A420FAC0E000E81B37 /* UrgentTasksViewController.swift */ = {isa = PBXFileReference; lastKnownFileType = sourcecode.swift; path = UrgentTasksViewController.swift; sourceTree = "<group>"; };
/* End PBXFileReference section */

/* Begin PBXFrameworksBuildPhase section */
		830CE5EB20F8CB8B00FC83FD /* Frameworks */ = {
			isa = PBXFrameworksBuildPhase;
			buildActionMask = 2147483647;
			files = (
			);
			runOnlyForDeploymentPostprocessing = 0;
		};
		83109D5520FBDE31008467C5 /* Frameworks */ = {
			isa = PBXFrameworksBuildPhase;
			buildActionMask = 2147483647;
			files = (
				83109D5B20FBDE31008467C5 /* NotificationCenter.framework in Frameworks */,
			);
			runOnlyForDeploymentPostprocessing = 0;
		};
		83CCC89220FABBFC00E81B37 /* Frameworks */ = {
			isa = PBXFrameworksBuildPhase;
			buildActionMask = 2147483647;
			files = (
			);
			runOnlyForDeploymentPostprocessing = 0;
		};
/* End PBXFrameworksBuildPhase section */

/* Begin PBXGroup section */
		830CE5E520F8CB8B00FC83FD = {
			isa = PBXGroup;
			children = (
				83A19B4020FC383A0074860D /* Localizable.strings */,
				83A19B3820FC37A80074860D /* InfoPlist.strings */,
				830CE5F020F8CB8B00FC83FD /* TaskTracker */,
				83CCC89620FABBFC00E81B37 /* TaskShare */,
				83109D5C20FBDE31008467C5 /* TodayExtension */,
				83109D5920FBDE31008467C5 /* Frameworks */,
				830CE5EF20F8CB8B00FC83FD /* Products */,
			);
			sourceTree = "<group>";
		};
		830CE5EF20F8CB8B00FC83FD /* Products */ = {
			isa = PBXGroup;
			children = (
				830CE5EE20F8CB8B00FC83FD /* TaskTracker.app */,
				83CCC89520FABBFC00E81B37 /* TaskShare.appex */,
				83109D5820FBDE31008467C5 /* TodayExtension.appex */,
			);
			name = Products;
			sourceTree = "<group>";
		};
		830CE5F020F8CB8B00FC83FD /* TaskTracker */ = {
			isa = PBXGroup;
			children = (
				8352249020FC0BB900A66FDF /* TaskTracker.entitlements */,
				830CE61720F8D6BD00FC83FD /* Extensions.swift */,
				830CE5F120F8CB8B00FC83FD /* AppDelegate.swift */,
				83CCC8A620FAC0E500E81B37 /* UrgentTasks */,
				834D2C2120F90D0100FBE120 /* DetailedTask */,
				830CE60620F8CED100FC83FD /* Tasks */,
				830CE5F520F8CB8B00FC83FD /* Main.storyboard */,
				830CE5FB20F8CB8C00FC83FD /* Assets.xcassets */,
				830CE5FD20F8CB8C00FC83FD /* LaunchScreen.storyboard */,
				830CE60020F8CB8C00FC83FD /* Info.plist */,
				830CE5F820F8CB8B00FC83FD /* TaskTracker.xcdatamodeld */,
			);
			path = TaskTracker;
			sourceTree = "<group>";
		};
		830CE60620F8CED100FC83FD /* Tasks */ = {
			isa = PBXGroup;
			children = (
				830CE60A20F8CF0500FC83FD /* Models */,
				830CE60920F8CEFE00FC83FD /* Views */,
				830CE60720F8CEDE00FC83FD /* ViewControllers */,
			);
			path = Tasks;
			sourceTree = "<group>";
		};
		830CE60720F8CEDE00FC83FD /* ViewControllers */ = {
			isa = PBXGroup;
			children = (
				830CE5F320F8CB8B00FC83FD /* TasksViewController.swift */,
				834D2C3220F9538800FBE120 /* TaskViewOutput.swift */,
			);
			path = ViewControllers;
			sourceTree = "<group>";
		};
		830CE60920F8CEFE00FC83FD /* Views */ = {
			isa = PBXGroup;
			children = (
				83CCC89020FAA2EB00E81B37 /* DDM */,
				830CE61120F8D22300FC83FD /* TaskCell.swift */,
				830CE61220F8D22300FC83FD /* TaskCell.xib */,
			);
			path = Views;
			sourceTree = "<group>";
		};
		830CE60A20F8CF0500FC83FD /* Models */ = {
			isa = PBXGroup;
			children = (
				83CCC88F20FAA2DE00E81B37 /* CoreDataModels */,
				830CE61520F8D5CB00FC83FD /* TaskStatus.swift */,
				83CCC88D20FA3D9E00E81B37 /* DateFormat.swift */,
			);
			path = Models;
			sourceTree = "<group>";
		};
		83109D5920FBDE31008467C5 /* Frameworks */ = {
			isa = PBXGroup;
			children = (
				83109D5A20FBDE31008467C5 /* NotificationCenter.framework */,
			);
			name = Frameworks;
			sourceTree = "<group>";
		};
		83109D5C20FBDE31008467C5 /* TodayExtension */ = {
			isa = PBXGroup;
			children = (
				8352249520FC1CEB00A66FDF /* TodayExtension.entitlements */,
				83109D5D20FBDE31008467C5 /* TodayViewController.swift */,
				83109D5F20FBDE31008467C5 /* MainInterface.storyboard */,
				83109D6220FBDE31008467C5 /* Info.plist */,
				8352249120FC12FE00A66FDF /* PersistantContainer.swift */,
			);
			path = TodayExtension;
			sourceTree = "<group>";
		};
		834D2C2120F90D0100FBE120 /* DetailedTask */ = {
			isa = PBXGroup;
			children = (
				834D2C1F20F90CF400FBE120 /* DetailedTaskViewController.swift */,
				83109D5220FBDB10008467C5 /* DateTextField.swift */,
			);
			path = DetailedTask;
			sourceTree = "<group>";
		};
		83CCC88F20FAA2DE00E81B37 /* CoreDataModels */ = {
			isa = PBXGroup;
			children = (
				834D2C2E20F9322000FBE120 /* Task+CoreDataClass.swift */,
				834D2C2F20F9322000FBE120 /* Task+CoreDataProperties.swift */,
			);
			path = CoreDataModels;
			sourceTree = "<group>";
		};
		83CCC89020FAA2EB00E81B37 /* DDM */ = {
			isa = PBXGroup;
			children = (
				830CE60D20F8D18000FC83FD /* TasksDataDisplayManager.swift */,
			);
			path = DDM;
			sourceTree = "<group>";
		};
		83CCC89620FABBFC00E81B37 /* TaskShare */ = {
			isa = PBXGroup;
			children = (
				83CCC89720FABBFC00E81B37 /* ShareViewController.swift */,
				83CCC89920FABBFC00E81B37 /* MainInterface.storyboard */,
				83CCC89C20FABBFC00E81B37 /* Info.plist */,
			);
			path = TaskShare;
			sourceTree = "<group>";
		};
		83CCC8A620FAC0E500E81B37 /* UrgentTasks */ = {
			isa = PBXGroup;
			children = (
				83CCC8A420FAC0E000E81B37 /* UrgentTasksViewController.swift */,
			);
			path = UrgentTasks;
			sourceTree = "<group>";
		};
/* End PBXGroup section */

/* Begin PBXNativeTarget section */
		830CE5ED20F8CB8B00FC83FD /* TaskTracker */ = {
			isa = PBXNativeTarget;
			buildConfigurationList = 830CE60320F8CB8C00FC83FD /* Build configuration list for PBXNativeTarget "TaskTracker" */;
			buildPhases = (
				830CE5EA20F8CB8B00FC83FD /* Sources */,
				830CE5EB20F8CB8B00FC83FD /* Frameworks */,
				830CE5EC20F8CB8B00FC83FD /* Resources */,
				83CCC8A320FABBFC00E81B37 /* Embed App Extensions */,
			);
			buildRules = (
			);
			dependencies = (
				83CCC89E20FABBFC00E81B37 /* PBXTargetDependency */,
				83109D6420FBDE31008467C5 /* PBXTargetDependency */,
			);
			name = TaskTracker;
			productName = TaskTracker;
			productReference = 830CE5EE20F8CB8B00FC83FD /* TaskTracker.app */;
			productType = "com.apple.product-type.application";
		};
		83109D5720FBDE31008467C5 /* TodayExtension */ = {
			isa = PBXNativeTarget;
			buildConfigurationList = 83109D6620FBDE31008467C5 /* Build configuration list for PBXNativeTarget "TodayExtension" */;
			buildPhases = (
				83109D5420FBDE31008467C5 /* Sources */,
				83109D5520FBDE31008467C5 /* Frameworks */,
				83109D5620FBDE31008467C5 /* Resources */,
			);
			buildRules = (
			);
			dependencies = (
			);
			name = TodayExtension;
			productName = TodayExtension;
			productReference = 83109D5820FBDE31008467C5 /* TodayExtension.appex */;
			productType = "com.apple.product-type.app-extension";
		};
		83CCC89420FABBFC00E81B37 /* TaskShare */ = {
			isa = PBXNativeTarget;
			buildConfigurationList = 83CCC8A020FABBFC00E81B37 /* Build configuration list for PBXNativeTarget "TaskShare" */;
			buildPhases = (
				83CCC89120FABBFC00E81B37 /* Sources */,
				83CCC89220FABBFC00E81B37 /* Frameworks */,
				83CCC89320FABBFC00E81B37 /* Resources */,
			);
			buildRules = (
			);
			dependencies = (
			);
			name = TaskShare;
			productName = TaskShare;
			productReference = 83CCC89520FABBFC00E81B37 /* TaskShare.appex */;
			productType = "com.apple.product-type.app-extension";
		};
/* End PBXNativeTarget section */

/* Begin PBXProject section */
		830CE5E620F8CB8B00FC83FD /* Project object */ = {
			isa = PBXProject;
			attributes = {
				LastSwiftUpdateCheck = 0940;
				LastUpgradeCheck = 0940;
				ORGANIZATIONNAME = "Даниил Смирнов";
				TargetAttributes = {
					830CE5ED20F8CB8B00FC83FD = {
						CreatedOnToolsVersion = 9.4.1;
						SystemCapabilities = {
							com.apple.ApplicationGroups.iOS = {
								enabled = 1;
							};
						};
					};
					83109D5720FBDE31008467C5 = {
						CreatedOnToolsVersion = 9.4.1;
						SystemCapabilities = {
							com.apple.ApplicationGroups.iOS = {
								enabled = 1;
							};
						};
					};
					83CCC89420FABBFC00E81B37 = {
						CreatedOnToolsVersion = 9.4.1;
					};
				};
			};
			buildConfigurationList = 830CE5E920F8CB8B00FC83FD /* Build configuration list for PBXProject "TaskTracker" */;
			compatibilityVersion = "Xcode 9.3";
			developmentRegion = en;
			hasScannedForEncodings = 0;
			knownRegions = (
				en,
				Base,
				ru,
			);
			mainGroup = 830CE5E520F8CB8B00FC83FD;
			productRefGroup = 830CE5EF20F8CB8B00FC83FD /* Products */;
			projectDirPath = "";
			projectRoot = "";
			targets = (
				830CE5ED20F8CB8B00FC83FD /* TaskTracker */,
				83CCC89420FABBFC00E81B37 /* TaskShare */,
				83109D5720FBDE31008467C5 /* TodayExtension */,
			);
		};
/* End PBXProject section */

/* Begin PBXResourcesBuildPhase section */
		830CE5EC20F8CB8B00FC83FD /* Resources */ = {
			isa = PBXResourcesBuildPhase;
			buildActionMask = 2147483647;
			files = (
				830CE61420F8D22300FC83FD /* TaskCell.xib in Resources */,
				83A19B3E20FC383A0074860D /* Localizable.strings in Resources */,
				830CE5FF20F8CB8C00FC83FD /* LaunchScreen.storyboard in Resources */,
				830CE5FC20F8CB8C00FC83FD /* Assets.xcassets in Resources */,
				830CE5F720F8CB8B00FC83FD /* Main.storyboard in Resources */,
				83A19B3A20FC37A80074860D /* InfoPlist.strings in Resources */,
			);
			runOnlyForDeploymentPostprocessing = 0;
		};
		83109D5620FBDE31008467C5 /* Resources */ = {
			isa = PBXResourcesBuildPhase;
			buildActionMask = 2147483647;
			files = (
				8352249420FC1BD600A66FDF /* Assets.xcassets in Resources */,
				83109D6120FBDE31008467C5 /* MainInterface.storyboard in Resources */,
			);
			runOnlyForDeploymentPostprocessing = 0;
		};
		83CCC89320FABBFC00E81B37 /* Resources */ = {
			isa = PBXResourcesBuildPhase;
			buildActionMask = 2147483647;
			files = (
				8352249320FC1BD500A66FDF /* Assets.xcassets in Resources */,
				83CCC89B20FABBFC00E81B37 /* MainInterface.storyboard in Resources */,
			);
			runOnlyForDeploymentPostprocessing = 0;
		};
/* End PBXResourcesBuildPhase section */

/* Begin PBXSourcesBuildPhase section */
		830CE5EA20F8CB8B00FC83FD /* Sources */ = {
			isa = PBXSourcesBuildPhase;
			buildActionMask = 2147483647;
			files = (
				830CE60E20F8D18000FC83FD /* TasksDataDisplayManager.swift in Sources */,
				834D2C3320F9538800FBE120 /* TaskViewOutput.swift in Sources */,
				830CE61820F8D6BD00FC83FD /* Extensions.swift in Sources */,
				83109D5320FBDB10008467C5 /* DateTextField.swift in Sources */,
				830CE61320F8D22300FC83FD /* TaskCell.swift in Sources */,
				830CE61620F8D5CB00FC83FD /* TaskStatus.swift in Sources */,
				83CCC88E20FA3D9E00E81B37 /* DateFormat.swift in Sources */,
				830CE5FA20F8CB8B00FC83FD /* TaskTracker.xcdatamodeld in Sources */,
				830CE5F420F8CB8B00FC83FD /* TasksViewController.swift in Sources */,
				830CE5F220F8CB8B00FC83FD /* AppDelegate.swift in Sources */,
				834D2C3120F9322000FBE120 /* Task+CoreDataProperties.swift in Sources */,
				834D2C3020F9322000FBE120 /* Task+CoreDataClass.swift in Sources */,
				834D2C2020F90CF400FBE120 /* DetailedTaskViewController.swift in Sources */,
				83CCC8A520FAC0E000E81B37 /* UrgentTasksViewController.swift in Sources */,
			);
			runOnlyForDeploymentPostprocessing = 0;
		};
		83109D5420FBDE31008467C5 /* Sources */ = {
			isa = PBXSourcesBuildPhase;
			buildActionMask = 2147483647;
			files = (
				8352249220FC12FE00A66FDF /* PersistantContainer.swift in Sources */,
				83109D5E20FBDE31008467C5 /* TodayViewController.swift in Sources */,
				83109D6A20FBE08C008467C5 /* TaskTracker.xcdatamodeld in Sources */,
			);
			runOnlyForDeploymentPostprocessing = 0;
		};
		83CCC89120FABBFC00E81B37 /* Sources */ = {
			isa = PBXSourcesBuildPhase;
			buildActionMask = 2147483647;
			files = (
				83CCC89820FABBFC00E81B37 /* ShareViewController.swift in Sources */,
			);
			runOnlyForDeploymentPostprocessing = 0;
		};
/* End PBXSourcesBuildPhase section */

/* Begin PBXTargetDependency section */
		83109D6420FBDE31008467C5 /* PBXTargetDependency */ = {
			isa = PBXTargetDependency;
			target = 83109D5720FBDE31008467C5 /* TodayExtension */;
			targetProxy = 83109D6320FBDE31008467C5 /* PBXContainerItemProxy */;
		};
		83CCC89E20FABBFC00E81B37 /* PBXTargetDependency */ = {
			isa = PBXTargetDependency;
			target = 83CCC89420FABBFC00E81B37 /* TaskShare */;
			targetProxy = 83CCC89D20FABBFC00E81B37 /* PBXContainerItemProxy */;
		};
/* End PBXTargetDependency section */

/* Begin PBXVariantGroup section */
		830CE5F520F8CB8B00FC83FD /* Main.storyboard */ = {
			isa = PBXVariantGroup;
			children = (
				830CE5F620F8CB8B00FC83FD /* Base */,
				83A19B2D20FC35FA0074860D /* ru */,
			);
			name = Main.storyboard;
			sourceTree = "<group>";
		};
		830CE5FD20F8CB8C00FC83FD /* LaunchScreen.storyboard */ = {
			isa = PBXVariantGroup;
			children = (
				830CE5FE20F8CB8C00FC83FD /* Base */,
			);
			name = LaunchScreen.storyboard;
			sourceTree = "<group>";
		};
		83109D5F20FBDE31008467C5 /* MainInterface.storyboard */ = {
			isa = PBXVariantGroup;
			children = (
				83109D6020FBDE31008467C5 /* Base */,
				83A19B2F20FC35FA0074860D /* ru */,
			);
			name = MainInterface.storyboard;
			sourceTree = "<group>";
		};
		83A19B3820FC37A80074860D /* InfoPlist.strings */ = {
			isa = PBXVariantGroup;
			children = (
				83A19B3920FC37A80074860D /* Base */,
				83A19B3B20FC37AF0074860D /* ru */,
			);
			name = InfoPlist.strings;
			sourceTree = "<group>";
		};
		83A19B4020FC383A0074860D /* Localizable.strings */ = {
			isa = PBXVariantGroup;
			children = (
				83A19B3F20FC383A0074860D /* en */,
			);
			name = Localizable.strings;
			sourceTree = "<group>";
		};
		83CCC89920FABBFC00E81B37 /* MainInterface.storyboard */ = {
			isa = PBXVariantGroup;
			children = (
				83CCC89A20FABBFC00E81B37 /* Base */,
				83A19B2E20FC35FA0074860D /* ru */,
			);
			name = MainInterface.storyboard;
			sourceTree = "<group>";
		};
/* End PBXVariantGroup section */

/* Begin XCBuildConfiguration section */
		830CE60120F8CB8C00FC83FD /* Debug */ = {
			isa = XCBuildConfiguration;
			buildSettings = {
				ALWAYS_SEARCH_USER_PATHS = NO;
				CLANG_ANALYZER_LOCALIZABILITY_NONLOCALIZED = YES;
				CLANG_ANALYZER_NONNULL = YES;
				CLANG_ANALYZER_NUMBER_OBJECT_CONVERSION = YES_AGGRESSIVE;
				CLANG_CXX_LANGUAGE_STANDARD = "gnu++14";
				CLANG_CXX_LIBRARY = "libc++";
				CLANG_ENABLE_MODULES = YES;
				CLANG_ENABLE_OBJC_ARC = YES;
				CLANG_ENABLE_OBJC_WEAK = YES;
				CLANG_WARN_BLOCK_CAPTURE_AUTORELEASING = YES;
				CLANG_WARN_BOOL_CONVERSION = YES;
				CLANG_WARN_COMMA = YES;
				CLANG_WARN_CONSTANT_CONVERSION = YES;
				CLANG_WARN_DEPRECATED_OBJC_IMPLEMENTATIONS = YES;
				CLANG_WARN_DIRECT_OBJC_ISA_USAGE = YES_ERROR;
				CLANG_WARN_DOCUMENTATION_COMMENTS = YES;
				CLANG_WARN_EMPTY_BODY = YES;
				CLANG_WARN_ENUM_CONVERSION = YES;
				CLANG_WARN_INFINITE_RECURSION = YES;
				CLANG_WARN_INT_CONVERSION = YES;
				CLANG_WARN_NON_LITERAL_NULL_CONVERSION = YES;
				CLANG_WARN_OBJC_IMPLICIT_RETAIN_SELF = YES;
				CLANG_WARN_OBJC_LITERAL_CONVERSION = YES;
				CLANG_WARN_OBJC_ROOT_CLASS = YES_ERROR;
				CLANG_WARN_RANGE_LOOP_ANALYSIS = YES;
				CLANG_WARN_STRICT_PROTOTYPES = YES;
				CLANG_WARN_SUSPICIOUS_MOVE = YES;
				CLANG_WARN_UNGUARDED_AVAILABILITY = YES_AGGRESSIVE;
				CLANG_WARN_UNREACHABLE_CODE = YES;
				CLANG_WARN__DUPLICATE_METHOD_MATCH = YES;
				CODE_SIGN_IDENTITY = "iPhone Developer";
				COPY_PHASE_STRIP = NO;
				DEBUG_INFORMATION_FORMAT = dwarf;
				ENABLE_STRICT_OBJC_MSGSEND = YES;
				ENABLE_TESTABILITY = YES;
				GCC_C_LANGUAGE_STANDARD = gnu11;
				GCC_DYNAMIC_NO_PIC = NO;
				GCC_NO_COMMON_BLOCKS = YES;
				GCC_OPTIMIZATION_LEVEL = 0;
				GCC_PREPROCESSOR_DEFINITIONS = (
					"DEBUG=1",
					"$(inherited)",
				);
				GCC_WARN_64_TO_32_BIT_CONVERSION = YES;
				GCC_WARN_ABOUT_RETURN_TYPE = YES_ERROR;
				GCC_WARN_UNDECLARED_SELECTOR = YES;
				GCC_WARN_UNINITIALIZED_AUTOS = YES_AGGRESSIVE;
				GCC_WARN_UNUSED_FUNCTION = YES;
				GCC_WARN_UNUSED_VARIABLE = YES;
				IPHONEOS_DEPLOYMENT_TARGET = 11.4;
				MTL_ENABLE_DEBUG_INFO = YES;
				ONLY_ACTIVE_ARCH = YES;
				SDKROOT = iphoneos;
				SWIFT_ACTIVE_COMPILATION_CONDITIONS = DEBUG;
				SWIFT_OPTIMIZATION_LEVEL = "-Onone";
			};
			name = Debug;
		};
		830CE60220F8CB8C00FC83FD /* Release */ = {
			isa = XCBuildConfiguration;
			buildSettings = {
				ALWAYS_SEARCH_USER_PATHS = NO;
				CLANG_ANALYZER_LOCALIZABILITY_NONLOCALIZED = YES;
				CLANG_ANALYZER_NONNULL = YES;
				CLANG_ANALYZER_NUMBER_OBJECT_CONVERSION = YES_AGGRESSIVE;
				CLANG_CXX_LANGUAGE_STANDARD = "gnu++14";
				CLANG_CXX_LIBRARY = "libc++";
				CLANG_ENABLE_MODULES = YES;
				CLANG_ENABLE_OBJC_ARC = YES;
				CLANG_ENABLE_OBJC_WEAK = YES;
				CLANG_WARN_BLOCK_CAPTURE_AUTORELEASING = YES;
				CLANG_WARN_BOOL_CONVERSION = YES;
				CLANG_WARN_COMMA = YES;
				CLANG_WARN_CONSTANT_CONVERSION = YES;
				CLANG_WARN_DEPRECATED_OBJC_IMPLEMENTATIONS = YES;
				CLANG_WARN_DIRECT_OBJC_ISA_USAGE = YES_ERROR;
				CLANG_WARN_DOCUMENTATION_COMMENTS = YES;
				CLANG_WARN_EMPTY_BODY = YES;
				CLANG_WARN_ENUM_CONVERSION = YES;
				CLANG_WARN_INFINITE_RECURSION = YES;
				CLANG_WARN_INT_CONVERSION = YES;
				CLANG_WARN_NON_LITERAL_NULL_CONVERSION = YES;
				CLANG_WARN_OBJC_IMPLICIT_RETAIN_SELF = YES;
				CLANG_WARN_OBJC_LITERAL_CONVERSION = YES;
				CLANG_WARN_OBJC_ROOT_CLASS = YES_ERROR;
				CLANG_WARN_RANGE_LOOP_ANALYSIS = YES;
				CLANG_WARN_STRICT_PROTOTYPES = YES;
				CLANG_WARN_SUSPICIOUS_MOVE = YES;
				CLANG_WARN_UNGUARDED_AVAILABILITY = YES_AGGRESSIVE;
				CLANG_WARN_UNREACHABLE_CODE = YES;
				CLANG_WARN__DUPLICATE_METHOD_MATCH = YES;
				CODE_SIGN_IDENTITY = "iPhone Developer";
				COPY_PHASE_STRIP = NO;
				DEBUG_INFORMATION_FORMAT = "dwarf-with-dsym";
				ENABLE_NS_ASSERTIONS = NO;
				ENABLE_STRICT_OBJC_MSGSEND = YES;
				GCC_C_LANGUAGE_STANDARD = gnu11;
				GCC_NO_COMMON_BLOCKS = YES;
				GCC_WARN_64_TO_32_BIT_CONVERSION = YES;
				GCC_WARN_ABOUT_RETURN_TYPE = YES_ERROR;
				GCC_WARN_UNDECLARED_SELECTOR = YES;
				GCC_WARN_UNINITIALIZED_AUTOS = YES_AGGRESSIVE;
				GCC_WARN_UNUSED_FUNCTION = YES;
				GCC_WARN_UNUSED_VARIABLE = YES;
				IPHONEOS_DEPLOYMENT_TARGET = 11.4;
				MTL_ENABLE_DEBUG_INFO = NO;
				SDKROOT = iphoneos;
				SWIFT_COMPILATION_MODE = wholemodule;
				SWIFT_OPTIMIZATION_LEVEL = "-O";
				VALIDATE_PRODUCT = YES;
			};
			name = Release;
		};
		830CE60420F8CB8C00FC83FD /* Debug */ = {
			isa = XCBuildConfiguration;
			buildSettings = {
				ALWAYS_EMBED_SWIFT_STANDARD_LIBRARIES = YES;
				ASSETCATALOG_COMPILER_APPICON_NAME = AppIcon;
				CODE_SIGN_ENTITLEMENTS = TaskTracker/TaskTracker.entitlements;
				CODE_SIGN_STYLE = Automatic;
				DEVELOPMENT_TEAM = M32M9JNSSA;
				INFOPLIST_FILE = TaskTracker/Info.plist;
				LD_RUNPATH_SEARCH_PATHS = (
					"$(inherited)",
					"@executable_path/Frameworks",
				);
				PRODUCT_BUNDLE_IDENTIFIER = "ed-cop.TaskTracker";
				PRODUCT_NAME = "$(TARGET_NAME)";
				SWIFT_VERSION = 4.0;
				TARGETED_DEVICE_FAMILY = "1,2";
			};
			name = Debug;
		};
		830CE60520F8CB8C00FC83FD /* Release */ = {
			isa = XCBuildConfiguration;
			buildSettings = {
				ALWAYS_EMBED_SWIFT_STANDARD_LIBRARIES = YES;
				ASSETCATALOG_COMPILER_APPICON_NAME = AppIcon;
				CODE_SIGN_ENTITLEMENTS = TaskTracker/TaskTracker.entitlements;
				CODE_SIGN_STYLE = Automatic;
				DEVELOPMENT_TEAM = M32M9JNSSA;
				INFOPLIST_FILE = TaskTracker/Info.plist;
				LD_RUNPATH_SEARCH_PATHS = (
					"$(inherited)",
					"@executable_path/Frameworks",
				);
				PRODUCT_BUNDLE_IDENTIFIER = "ed-cop.TaskTracker";
				PRODUCT_NAME = "$(TARGET_NAME)";
				SWIFT_VERSION = 4.0;
				TARGETED_DEVICE_FAMILY = "1,2";
			};
			name = Release;
		};
		83109D6720FBDE31008467C5 /* Debug */ = {
			isa = XCBuildConfiguration;
			buildSettings = {
				ALWAYS_EMBED_SWIFT_STANDARD_LIBRARIES = NO;
				CODE_SIGN_ENTITLEMENTS = TodayExtension/TodayExtension.entitlements;
				CODE_SIGN_STYLE = Automatic;
				DEVELOPMENT_TEAM = M32M9JNSSA;
				INFOPLIST_FILE = TodayExtension/Info.plist;
				LD_RUNPATH_SEARCH_PATHS = (
					"$(inherited)",
					"@executable_path/Frameworks",
					"@executable_path/../../Frameworks",
				);
				PRODUCT_BUNDLE_IDENTIFIER = "ed-cop.TaskTracker.TodayExtension";
				PRODUCT_NAME = "$(TARGET_NAME)";
				SKIP_INSTALL = YES;
				SWIFT_VERSION = 4.0;
				TARGETED_DEVICE_FAMILY = "1,2";
			};
			name = Debug;
		};
		83109D6820FBDE31008467C5 /* Release */ = {
			isa = XCBuildConfiguration;
			buildSettings = {
				ALWAYS_EMBED_SWIFT_STANDARD_LIBRARIES = NO;
				CODE_SIGN_ENTITLEMENTS = TodayExtension/TodayExtension.entitlements;
				CODE_SIGN_STYLE = Automatic;
				DEVELOPMENT_TEAM = M32M9JNSSA;
				INFOPLIST_FILE = TodayExtension/Info.plist;
				LD_RUNPATH_SEARCH_PATHS = (
					"$(inherited)",
					"@executable_path/Frameworks",
					"@executable_path/../../Frameworks",
				);
				PRODUCT_BUNDLE_IDENTIFIER = "ed-cop.TaskTracker.TodayExtension";
				PRODUCT_NAME = "$(TARGET_NAME)";
				SKIP_INSTALL = YES;
				SWIFT_VERSION = 4.0;
				TARGETED_DEVICE_FAMILY = "1,2";
			};
			name = Release;
		};
		83CCC8A120FABBFC00E81B37 /* Debug */ = {
			isa = XCBuildConfiguration;
			buildSettings = {
				CODE_SIGN_STYLE = Automatic;
				DEVELOPMENT_TEAM = M32M9JNSSA;
				INFOPLIST_FILE = TaskShare/Info.plist;
				LD_RUNPATH_SEARCH_PATHS = (
					"$(inherited)",
					"@executable_path/Frameworks",
					"@executable_path/../../Frameworks",
				);
				PRODUCT_BUNDLE_IDENTIFIER = "ed-cop.TaskTracker.TaskShare";
				PRODUCT_NAME = "$(TARGET_NAME)";
				SKIP_INSTALL = YES;
				SWIFT_VERSION = 4.0;
				TARGETED_DEVICE_FAMILY = "1,2";
			};
			name = Debug;
		};
		83CCC8A220FABBFC00E81B37 /* Release */ = {
			isa = XCBuildConfiguration;
			buildSettings = {
				CODE_SIGN_STYLE = Automatic;
				DEVELOPMENT_TEAM = M32M9JNSSA;
				INFOPLIST_FILE = TaskShare/Info.plist;
				LD_RUNPATH_SEARCH_PATHS = (
					"$(inherited)",
					"@executable_path/Frameworks",
					"@executable_path/../../Frameworks",
				);
				PRODUCT_BUNDLE_IDENTIFIER = "ed-cop.TaskTracker.TaskShare";
				PRODUCT_NAME = "$(TARGET_NAME)";
				SKIP_INSTALL = YES;
				SWIFT_VERSION = 4.0;
				TARGETED_DEVICE_FAMILY = "1,2";
			};
			name = Release;
		};
/* End XCBuildConfiguration section */

/* Begin XCConfigurationList section */
		830CE5E920F8CB8B00FC83FD /* Build configuration list for PBXProject "TaskTracker" */ = {
			isa = XCConfigurationList;
			buildConfigurations = (
				830CE60120F8CB8C00FC83FD /* Debug */,
				830CE60220F8CB8C00FC83FD /* Release */,
			);
			defaultConfigurationIsVisible = 0;
			defaultConfigurationName = Debug;
		};
		830CE60320F8CB8C00FC83FD /* Build configuration list for PBXNativeTarget "TaskTracker" */ = {
			isa = XCConfigurationList;
			buildConfigurations = (
				830CE60420F8CB8C00FC83FD /* Debug */,
				830CE60520F8CB8C00FC83FD /* Release */,
			);
			defaultConfigurationIsVisible = 0;
			defaultConfigurationName = Debug;
		};
		83109D6620FBDE31008467C5 /* Build configuration list for PBXNativeTarget "TodayExtension" */ = {
			isa = XCConfigurationList;
			buildConfigurations = (
				83109D6720FBDE31008467C5 /* Debug */,
				83109D6820FBDE31008467C5 /* Release */,
			);
			defaultConfigurationIsVisible = 0;
			defaultConfigurationName = Debug;
		};
		83CCC8A020FABBFC00E81B37 /* Build configuration list for PBXNativeTarget "TaskShare" */ = {
			isa = XCConfigurationList;
			buildConfigurations = (
				83CCC8A120FABBFC00E81B37 /* Debug */,
				83CCC8A220FABBFC00E81B37 /* Release */,
			);
			defaultConfigurationIsVisible = 0;
			defaultConfigurationName = Debug;
		};
/* End XCConfigurationList section */

/* Begin XCVersionGroup section */
		830CE5F820F8CB8B00FC83FD /* TaskTracker.xcdatamodeld */ = {
			isa = XCVersionGroup;
			children = (
				830CE5F920F8CB8B00FC83FD /* TaskTracker.xcdatamodel */,
			);
			currentVersion = 830CE5F920F8CB8B00FC83FD /* TaskTracker.xcdatamodel */;
			path = TaskTracker.xcdatamodeld;
			sourceTree = "<group>";
			versionGroupType = wrapper.xcdatamodel;
		};
/* End XCVersionGroup section */
	};
	rootObject = 830CE5E620F8CB8B00FC83FD /* Project object */;
}
